{
  "requires": true,
  "lockfileVersion": 1,
  "dependencies": {
    "boardgamegeek": {
      "version": "0.5.5",
      "resolved": "https://registry.npmjs.org/boardgamegeek/-/boardgamegeek-0.5.5.tgz",
      "integrity": "sha512-b3oncPCeYuLDUKDWy9xQQE5YAVoJWtjiozzypug14AwlbLqhhkpjFhz3xytusdtumyr+gs6Q63jxQeVsXnPqbA==",
      "requires": {
        "entities": "~1.1.1",
        "sax": "~1.2.4"
      }
    },
    "entities": {
      "version": "1.1.2",
      "resolved": "https://registry.npmjs.org/entities/-/entities-1.1.2.tgz",
      "integrity": "sha512-f2LZMYl1Fzu7YSBKg+RoROelpOaNrcGmE9AZubeDfrCEia483oW4MI4VyFd5VNHIgQ/7qm1I0wUHK1eJnn2y2w=="
    },
    "sax": {
      "version": "1.2.4",
      "resolved": "https://registry.npmjs.org/sax/-/sax-1.2.4.tgz",
      "integrity": "sha512-NqVDv9TpANUjFm0N8uM5GxL36UgKi9/atZw+x7YFnQ8ckwFGKrl4xX4yWtrey3UJm5nP1kUbnYgLopqWNSRhWw=="
    }
  }
}
